// !$*UTF8*$!
{
	archiveVersion = 1;
	classes = {
	};
	objectVersion = 100;
	objects = {

/* Begin PBXBuildFile section */
		00000A792B5E2D3E20A00DD9 /* WorkoutIntents.swift in Sources */ = {isa = PBXBuildFile; fileRef = B8DEB7CE56DE05FB0A6214D9 /* WorkoutIntents.swift */; };
		0E49383CD358A88C9AECA630 /* SessionCoordinator.swift in Sources */ = {isa = PBXBuildFile; fileRef = B1885EBFCE2CC0B5387AD9CE /* SessionCoordinator.swift */; };
		0EAB617165018E30C1D403AE /* WorkoutFlowView.swift in Sources */ = {isa = PBXBuildFile; fileRef = B91D1BAD98216928F6EB03AC /* WorkoutFlowView.swift */; };
		11997E1AAA6EBDA3D50C5F77 /* WatchConnectivityBridge.swift in Sources */ = {isa = PBXBuildFile; fileRef = 8A4C18D50A61DA5766A933A3 /* WatchConnectivityBridge.swift */; };
		20AF62F3EDCB32D6985E1742 /* FitnessPlusReader.swift in Sources */ = {isa = PBXBuildFile; fileRef = 8A68B1F8F551D3F2AE2D1AFD /* FitnessPlusReader.swift */; };
		238BCEA39FF4AD36C857045E /* PaywallView.swift in Sources */ = {isa = PBXBuildFile; fileRef = 80FA0E59182AE9EE86FCD708 /* PaywallView.swift */; };
		23F1A4F57862025BECEDAE9F /* YogaTaskBuilder.swift in Sources */ = {isa = PBXBuildFile; fileRef = B9F474ADF119BE0A9A27DC5B /* YogaTaskBuilder.swift */; };
		28542F168E771A3D8C03D04E /* PhoneConnectivityBridge.swift in Sources */ = {isa = PBXBuildFile; fileRef = AE126FCF2D708572DCC3D185 /* PhoneConnectivityBridge.swift */; };
		312211F5C4DD313CA7ECAA1B /* WatchSessionView.swift in Sources */ = {isa = PBXBuildFile; fileRef = B52CB67AD0E3152C69497A0C /* WatchSessionView.swift */; };
		3E20844C3B7C73D4A4684AD0 /* WorkoutFlowUITests.swift in Sources */ = {isa = PBXBuildFile; fileRef = 243A016A66558286AE3E69C4 /* WorkoutFlowUITests.swift */; };
		4EE07080CC92DE0579A52D6B /* ActivityRingsWidget.swift in Sources */ = {isa = PBXBuildFile; fileRef = 53F1C4187BEB28F5B75F49CA /* ActivityRingsWidget.swift */; };
		4FEF09430A85431393D8E1FF /* DebugDashboardView.swift in Sources */ = {isa = PBXBuildFile; fileRef = 53094E522F8A9C0A002A7CFE /* DebugDashboardView.swift */; };
		5041357AEFDC77052FAD2D66 /* BonhommeCore in Frameworks */ = {isa = PBXBuildFile; productRef = D2066727444F421784F230ED /* BonhommeCore */; };
		534933C22F88928400628680 /* YogaStyle+HealthKit.swift in Sources */ = {isa = PBXBuildFile; fileRef = 534933C12F88928400628680 /* YogaStyle+HealthKit.swift */; };
		534933C52F8892F600628680 /* WorkoutActivityAttributes.swift in Sources */ = {isa = PBXBuildFile; fileRef = 534933C42F8892F600628680 /* WorkoutActivityAttributes.swift */; };
		534933C72F8892F600628680 /* WorkoutLiveActivity.swift in Sources */ = {isa = PBXBuildFile; fileRef = 534933C62F8892F600628680 /* WorkoutLiveActivity.swift */; };
		534933C92F88934C00628680 /* WorkoutShareCard.swift in Sources */ = {isa = PBXBuildFile; fileRef = 534933C82F88934C00628680 /* WorkoutShareCard.swift */; };
		534933CB2F88936700628680 /* StyleDetailView.swift in Sources */ = {isa = PBXBuildFile; fileRef = 534933CA2F88936700628680 /* StyleDetailView.swift */; };
		5A13F14D9C36CE6E0E442C80 /* HeartRateMonitor.swift in Sources */ = {isa = PBXBuildFile; fileRef = 985A02F6EE01452874C2D655 /* HeartRateMonitor.swift */; };
		5BE942EF6FB9C83DE5367956 /* CareKitStore in Frameworks */ = {isa = PBXBuildFile; productRef = 34D983926E592456B194E519 /* CareKitStore */; };
		5D03FA63EC61DAB5028D4752 /* MetricsOverlayView.swift in Sources */ = {isa = PBXBuildFile; fileRef = 63A01ECD3FE70C476577EECB /* MetricsOverlayView.swift */; };
		5E5FAE10B797CEEB05D1F365 /* TVDisplayCoordinator.swift in Sources */ = {isa = PBXBuildFile; fileRef = 82DEBB157CEFEC4307116E45 /* TVDisplayCoordinator.swift */; };
		606455AAC0195FC7D0F2CAE2 /* AppState.swift in Sources */ = {isa = PBXBuildFile; fileRef = 41E967DEC3B235869C8A0302 /* AppState.swift */; };
		67DC6423713149536129174C /* SpatialBiofeedbackView.swift in Sources */ = {isa = PBXBuildFile; fileRef = 31FE85BB44103C66CB93F1A1 /* SpatialBiofeedbackView.swift */; };
		681122FD9CFB44DF7B145C3E /* NATURaLLiveActivity.appex in Embed Extensions */ = {isa = PBXBuildFile; fileRef = 7C51ECB1891FFEA624CCEB6A /* NATURaLLiveActivity.appex */; settings = {ATTRIBUTES = (RemoveHeadersOnCopy, ); }; };
		68C5637B03670C35407D1EF8 /* BonhommeWatchApp.swift in Sources */ = {isa = PBXBuildFile; fileRef = E42CB8293F97DAD6558CA2C6 /* BonhommeWatchApp.swift */; };
		70F5341A6A010D747DE471EA /* CareKitBridge.swift in Sources */ = {isa = PBXBuildFile; fileRef = 64AFE2D3D12ACF817073A5C8 /* CareKitBridge.swift */; };
		8269669262800477717015BA /* ChairYogaActivity.swift in Sources */ = {isa = PBXBuildFile; fileRef = B31B55F0E33E1894538ED708 /* ChairYogaActivity.swift */; };
		83120F65EF14CED3B7D8EAC8 /* WatchHomeView.swift in Sources */ = {isa = PBXBuildFile; fileRef = 04CFBDFA4B4A2534530C39D1 /* WatchHomeView.swift */; };
		869F462978A05FB70A457EEE /* BonhommeCore in Frameworks */ = {isa = PBXBuildFile; productRef = 9148A73EAA731B5C6F2FAD21 /* BonhommeCore */; };
		879C3EB5DAC57163D311BE93 /* BonhommeCore in Frameworks */ = {isa = PBXBuildFile; productRef = 622080EA269671D7D0921B47 /* BonhommeCore */; };
		88EA537DFE1C985516B3783E /* InsightEngine.swift in Sources */ = {isa = PBXBuildFile; fileRef = F63ED6670450497F627DE63D /* InsightEngine.swift */; };
		8D0E4ACCC2765CFA20347728 /* HistoryView.swift in Sources */ = {isa = PBXBuildFile; fileRef = 6A18B62ECE19ED25527FD00B /* HistoryView.swift */; };
		8EEFA0257ABB9391390D01D6 /* WorkoutFlowViewModel.swift in Sources */ = {isa = PBXBuildFile; fileRef = CD322B3DC03C2ABDF826CC01 /* WorkoutFlowViewModel.swift */; };
		918341A08086F652869D118B /* StreakWidget.swift in Sources */ = {isa = PBXBuildFile; fileRef = FFC3EE81DF19D881B7154CEC /* StreakWidget.swift */; };
		99BFB4BF56E1EF22A984A770 /* NATURaLWidgetsBundle.swift in Sources */ = {isa = PBXBuildFile; fileRef = 033531C731694ED3620B940C /* NATURaLWidgetsBundle.swift */; };
		9AB4E4180C83DA08F3B16FDC /* HomeView.swift in Sources */ = {isa = PBXBuildFile; fileRef = C2075AB31C0DF70BDF50F297 /* HomeView.swift */; };
		9B3B0CE83F8AD03C5D933F74 /* AirPlayFallbackUITests.swift in Sources */ = {isa = PBXBuildFile; fileRef = C0D9C2DCD9B00FA7ACB0AF84 /* AirPlayFallbackUITests.swift */; };
		9D3E5EC185B3349F6332BB6C /* TVDisplayCoordinatorTests.swift in Sources */ = {isa = PBXBuildFile; fileRef = 576757E618EA7061972DA59C /* TVDisplayCoordinatorTests.swift */; };
		9ECCE4C9BF90CD4E29BDD293 /* TVRootView.swift in Sources */ = {isa = PBXBuildFile; fileRef = 1B7EA9136C4131977C6C8296 /* TVRootView.swift */; };
		A1550E8D236FC77DA5874888 /* ResearchKitBridge.swift in Sources */ = {isa = PBXBuildFile; fileRef = DCF106DA006A649B22762CE8 /* ResearchKitBridge.swift */; };
		ACFB314B176E156222E6BC27 /* AirPlayRoutePickerView.swift in Sources */ = {isa = PBXBuildFile; fileRef = 33C239604307B68D16CBDF17 /* AirPlayRoutePickerView.swift */; };
		B1549B8CB4C993CF9F332C5F /* NativeCompanionClient.swift in Sources */ = {isa = PBXBuildFile; fileRef = 8686D21C057BC30AB06189B5 /* NativeCompanionClient.swift */; };
		B2A4F46F38A97347A6802603 /* SummaryView.swift in Sources */ = {isa = PBXBuildFile; fileRef = 4BBCDD92683EEE41C15485A0 /* SummaryView.swift */; };
		B4DAD494A9193918DFCB75A4 /* NATURaLWidgets.appex in Embed Extensions */ = {isa = PBXBuildFile; fileRef = 96E8B2FA17B7BBC82AFA71BB /* NATURaLWidgets.appex */; settings = {ATTRIBUTES = (RemoveHeadersOnCopy, ); }; };
		C0513339155F7CB14E6A44E3 /* BonhommeTVApp.swift in Sources */ = {isa = PBXBuildFile; fileRef = FE2AAFE554DF1D96F774F9EE /* BonhommeTVApp.swift */; };
		C48773DDABA1E459081BDB49 /* ActivityRingService.swift in Sources */ = {isa = PBXBuildFile; fileRef = AC4730C7E6FFF0E7CF323893 /* ActivityRingService.swift */; };
		CAA745CD22BEA5EE166A990C /* WatchWorkoutManager.swift in Sources */ = {isa = PBXBuildFile; fileRef = C2AD88A7A8CA619E175EFD11 /* WatchWorkoutManager.swift */; };
		D4D8E9B7EB4A2E04AC6F61A0 /* ImmersivePoseSpace.swift in Sources */ = {isa = PBXBuildFile; fileRef = A15B34065BB43F0D98D384DF /* ImmersivePoseSpace.swift */; };
		D6F58A4BCA1BF89C52850CFC /* WorkoutLiveActivity.swift in Sources */ = {isa = PBXBuildFile; fileRef = 4324640DCAEA8E0B08DAC833 /* WorkoutLiveActivity.swift */; };
		D95E25FE6B51A3234313A654 /* Entitlement.swift in Sources */ = {isa = PBXBuildFile; fileRef = 5D6723693F5CD2FDC781A166 /* Entitlement.swift */; };
		DACE9EED9C8EAD27FC976982 /* SpatialPoseView.swift in Sources */ = {isa = PBXBuildFile; fileRef = FA5001EDCCDD4DB8CD204525 /* SpatialPoseView.swift */; };
		DB44A4EC754338206E4E88DE /* SubscriptionManager.swift in Sources */ = {isa = PBXBuildFile; fileRef = 9A5DBA4E63F2205B25690B01 /* SubscriptionManager.swift */; };
		DBEE9FF686FCCA1B46D89F3F /* AirPlaySecondScreen.swift in Sources */ = {isa = PBXBuildFile; fileRef = 929BF4BCFE193F18484615E0 /* AirPlaySecondScreen.swift */; };
		E07D5C8CEE61F81FA41E28BB /* PersistentModels.swift in Sources */ = {isa = PBXBuildFile; fileRef = C77F1417FDEA535CCFB59899 /* PersistentModels.swift */; };
		E3A9130BFEED01CCE906DCA3 /* ActivityRingsView.swift in Sources */ = {isa = PBXBuildFile; fileRef = 006F6FA2BCEEA68E98F883AA /* ActivityRingsView.swift */; };
		E6CE1531D07BF94FAF38069B /* ActivityRingsView.swift in Sources */ = {isa = PBXBuildFile; fileRef = 006F6FA2BCEEA68E98F883AA /* ActivityRingsView.swift */; };
		E8765D727C3447AFAE8D6490 /* ExternalDisplaySceneDelegate.swift in Sources */ = {isa = PBXBuildFile; fileRef = 9B23F8A7D5EF64D66A594E8D /* ExternalDisplaySceneDelegate.swift */; };
		E9D90BC869E6D9EE781D3BA4 /* WorkoutFlowViewModelTests.swift in Sources */ = {isa = PBXBuildFile; fileRef = 493EF22F8480E0C004517FEF /* WorkoutFlowViewModelTests.swift */; };
		EBD6400DD749D6F607C87EB7 /* CountdownView.swift in Sources */ = {isa = PBXBuildFile; fileRef = DA78BAE67E02B6F68782FCBB /* CountdownView.swift */; };
		EC6E020914E50BA731EAF436 /* WorkoutRecorder.swift in Sources */ = {isa = PBXBuildFile; fileRef = 0548EA572BDA6A5A2A713EDF /* WorkoutRecorder.swift */; };
		ECA094B581739F661B6FADB1 /* BonhommeApp.swift in Sources */ = {isa = PBXBuildFile; fileRef = 30BF400160AE9FBD8D3B266E /* BonhommeApp.swift */; };
		ED7A353ABEC1EFA4BCDEBD84 /* BonhommeVisionApp.swift in Sources */ = {isa = PBXBuildFile; fileRef = ADA4275C9E7DCC5C0353076E /* BonhommeVisionApp.swift */; };
		EDEE89A8675D8B0A03BDBC64 /* CompanionListener.swift in Sources */ = {isa = PBXBuildFile; fileRef = B7E5851C481D6F2C635A5F16 /* CompanionListener.swift */; };
		EE7A5360BFFDA59E0AF715AF /* MusicService.swift in Sources */ = {isa = PBXBuildFile; fileRef = 0E476F8E5973738F1E1B3844 /* MusicService.swift */; };
		F29B15D27C7DA1AACC0AC1AA /* MedicationTracker.swift in Sources */ = {isa = PBXBuildFile; fileRef = 2641A7B30E9FE011D3F54CE4 /* MedicationTracker.swift */; };
		F3F7A9D411AB20AC7E2336B8 /* BonhommeCore in Frameworks */ = {isa = PBXBuildFile; productRef = 2116565DC2151DED0D9D89F7 /* BonhommeCore */; };
		FD49833D260B4FF35CDC6473 /* HealthKitManager.swift in Sources */ = {isa = PBXBuildFile; fileRef = B53AE2127BD0406C5E0B209B /* HealthKitManager.swift */; };
/* End PBXBuildFile section */

/* Begin PBXContainerItemProxy section */
		13DCC5C111BF76B5B6BC6247 /* PBXContainerItemProxy */ = {
			isa = PBXContainerItemProxy;
			containerPortal = 7EA6D9377E56C32636195598 /* Project object */;
			proxyType = 1;
			remoteGlobalIDString = AFF6D93EEBC72D1A16516CB6;
			remoteInfo = NATURaLWidgets;
		};
		2E532B324EC44025019924BF /* PBXContainerItemProxy */ = {
			isa = PBXContainerItemProxy;
			containerPortal = 7EA6D9377E56C32636195598 /* Project object */;
			proxyType = 1;
			remoteGlobalIDString = CE2F95449EA116BB80C95669;
			remoteInfo = Bonhomme;
		};
		79FC3CBBBDB59F4516824DC4 /* PBXContainerItemProxy */ = {
			isa = PBXContainerItemProxy;
			containerPortal = 7EA6D9377E56C32636195598 /* Project object */;
			proxyType = 1;
			remoteGlobalIDString = CE2F95449EA116BB80C95669;
			remoteInfo = Bonhomme;
		};
		ECE723A0A0723CC11D08803A /* PBXContainerItemProxy */ = {
			isa = PBXContainerItemProxy;
			containerPortal = 7EA6D9377E56C32636195598 /* Project object */;
			proxyType = 1;
			remoteGlobalIDString = CBDE573061803B5CE517CE72;
			remoteInfo = NATURaLLiveActivity;
		};
/* End PBXContainerItemProxy section */

/* Begin PBXCopyFilesBuildPhase section */
		1AAB605232D382A12169D41C /* Embed Extensions */ = {
			isa = PBXCopyFilesBuildPhase;
			dstPath = "";
			dstSubfolder = PlugIns;
			files = (
				681122FD9CFB44DF7B145C3E /* NATURaLLiveActivity.appex in Embed Extensions */,
				B4DAD494A9193918DFCB75A4 /* NATURaLWidgets.appex in Embed Extensions */,
			);
			name = "Embed Extensions";
		};
/* End PBXCopyFilesBuildPhase section */

/* Begin PBXFileReference section */
		006F6FA2BCEEA68E98F883AA /* ActivityRingsView.swift */ = {isa = PBXFileReference; lastKnownFileType = sourcecode.swift; path = ActivityRingsView.swift; sourceTree = "<group>"; };
		033531C731694ED3620B940C /* NATURaLWidgetsBundle.swift */ = {isa = PBXFileReference; lastKnownFileType = sourcecode.swift; path = NATURaLWidgetsBundle.swift; sourceTree = "<group>"; };
		04CFBDFA4B4A2534530C39D1 /* WatchHomeView.swift */ = {isa = PBXFileReference; lastKnownFileType = sourcecode.swift; path = WatchHomeView.swift; sourceTree = "<group>"; };
		0548EA572BDA6A5A2A713EDF /* WorkoutRecorder.swift */ = {isa = PBXFileReference; lastKnownFileType = sourcecode.swift; path = WorkoutRecorder.swift; sourceTree = "<group>"; };
		0E476F8E5973738F1E1B3844 /* MusicService.swift */ = {isa = PBXFileReference; lastKnownFileType = sourcecode.swift; path = MusicService.swift; sourceTree = "<group>"; };
		1B7EA9136C4131977C6C8296 /* TVRootView.swift */ = {isa = PBXFileReference; lastKnownFileType = sourcecode.swift; path = TVRootView.swift; sourceTree = "<group>"; };
		243A016A66558286AE3E69C4 /* WorkoutFlowUITests.swift */ = {isa = PBXFileReference; lastKnownFileType = sourcecode.swift; path = WorkoutFlowUITests.swift; sourceTree = "<group>"; };
		2641A7B30E9FE011D3F54CE4 /* MedicationTracker.swift */ = {isa = PBXFileReference; lastKnownFileType = sourcecode.swift; path = MedicationTracker.swift; sourceTree = "<group>"; };
		2EE08A39FAC0453AF19734D2 /* BonhommeUITests.xctest */ = {isa = PBXFileReference; explicitFileType = wrapper.cfbundle; includeInIndex = 0; path = BonhommeUITests.xctest; sourceTree = BUILT_PRODUCTS_DIR; };
		2FDC5BA711EF5694CD2DCA5D /* Info.plist */ = {isa = PBXFileReference; lastKnownFileType = text.plist.xml; path = Info.plist; sourceTree = "<group>"; };
		30BF400160AE9FBD8D3B266E /* BonhommeApp.swift */ = {isa = PBXFileReference; lastKnownFileType = sourcecode.swift; path = BonhommeApp.swift; sourceTree = "<group>"; };
		31FE85BB44103C66CB93F1A1 /* SpatialBiofeedbackView.swift */ = {isa = PBXFileReference; lastKnownFileType = sourcecode.swift; path = SpatialBiofeedbackView.swift; sourceTree = "<group>"; };
		33C239604307B68D16CBDF17 /* AirPlayRoutePickerView.swift */ = {isa = PBXFileReference; lastKnownFileType = sourcecode.swift; path = AirPlayRoutePickerView.swift; sourceTree = "<group>"; };
		3AC78F2F5E1A8EC8A83A20D0 /* BonhommeTests.xctest */ = {isa = PBXFileReference; explicitFileType = wrapper.cfbundle; includeInIndex = 0; path = BonhommeTests.xctest; sourceTree = BUILT_PRODUCTS_DIR; };
		3B20A0CBCF41B50E61CA0C8A /* BonhommeWatch.app */ = {isa = PBXFileReference; explicitFileType = wrapper.application; includeInIndex = 0; path = BonhommeWatch.app; sourceTree = BUILT_PRODUCTS_DIR; };
		41E967DEC3B235869C8A0302 /* AppState.swift */ = {isa = PBXFileReference; lastKnownFileType = sourcecode.swift; path = AppState.swift; sourceTree = "<group>"; };
		4324640DCAEA8E0B08DAC833 /* WorkoutLiveActivity.swift */ = {isa = PBXFileReference; lastKnownFileType = sourcecode.swift; path = WorkoutLiveActivity.swift; sourceTree = "<group>"; };
		43A7B3011053F64390AE6CCB /* Info.plist */ = {isa = PBXFileReference; lastKnownFileType = text.plist.xml; path = Info.plist; sourceTree = "<group>"; };
		493EF22F8480E0C004517FEF /* WorkoutFlowViewModelTests.swift */ = {isa = PBXFileReference; lastKnownFileType = sourcecode.swift; path = WorkoutFlowViewModelTests.swift; sourceTree = "<group>"; };
		49413D9326C03F255A9050CC /* Info.plist */ = {isa = PBXFileReference; lastKnownFileType = text.plist.xml; path = Info.plist; sourceTree = "<group>"; };
		4BBCDD92683EEE41C15485A0 /* SummaryView.swift */ = {isa = PBXFileReference; lastKnownFileType = sourcecode.swift; path = SummaryView.swift; sourceTree = "<group>"; };
		530269F52F885C6E0030AA2D /* LOCALIZATION_GUIDE.md */ = {isa = PBXFileReference; lastKnownFileType = net.daringfireball.markdown; path = LOCALIZATION_GUIDE.md; sourceTree = "<group>"; };
		53094E512F8A9BE2002A7CFE /* AppInitializationTests.swift */ = {isa = PBXFileReference; lastKnownFileType = sourcecode.swift; path = AppInitializationTests.swift; sourceTree = "<group>"; };
		53094E522F8A9C0A002A7CFE /* DebugDashboardView.swift */ = {isa = PBXFileReference; lastKnownFileType = sourcecode.swift; path = DebugDashboardView.swift; sourceTree = "<group>"; };
		53094E532F8A9C43002A7CFE /* STARTUP_CHECKLIST.md */ = {isa = PBXFileReference; lastKnownFileType = net.daringfireball.markdown; path = STARTUP_CHECKLIST.md; sourceTree = "<group>"; };
		53094E542F8A9C7C002A7CFE /* DEBUGGING_SUMMARY.md */ = {isa = PBXFileReference; lastKnownFileType = net.daringfireball.markdown; path = DEBUGGING_SUMMARY.md; sourceTree = "<group>"; };
		53094E552F8A9C95002A7CFE /* QUICK_REFERENCE.md */ = {isa = PBXFileReference; lastKnownFileType = net.daringfireball.markdown; path = QUICK_REFERENCE.md; sourceTree = "<group>"; };
		534933C12F88928400628680 /* YogaStyle+HealthKit.swift */ = {isa = PBXFileReference; lastKnownFileType = sourcecode.swift; path = "YogaStyle+HealthKit.swift"; sourceTree = "<group>"; };
		534933C42F8892F600628680 /* WorkoutActivityAttributes.swift */ = {isa = PBXFileReference; lastKnownFileType = sourcecode.swift; path = WorkoutActivityAttributes.swift; sourceTree = "<group>"; };
		534933C62F8892F600628680 /* WorkoutLiveActivity.swift */ = {isa = PBXFileReference; lastKnownFileType = sourcecode.swift; path = WorkoutLiveActivity.swift; sourceTree = "<group>"; };
		534933C82F88934C00628680 /* WorkoutShareCard.swift */ = {isa = PBXFileReference; lastKnownFileType = sourcecode.swift; path = WorkoutShareCard.swift; sourceTree = "<group>"; };
		534933CA2F88936700628680 /* StyleDetailView.swift */ = {isa = PBXFileReference; lastKnownFileType = sourcecode.swift; path = StyleDetailView.swift; sourceTree = "<group>"; };
		53825E3B2F8AE5F8008159A9 /* WORKOUT_COUNTDOWN_FIX.md */ = {isa = PBXFileReference; lastKnownFileType = net.daringfireball.markdown; path = WORKOUT_COUNTDOWN_FIX.md; sourceTree = "<group>"; };
		53825E3C2F8AE620008159A9 /* CONSOLE_MESSAGE_GUIDE.md */ = {isa = PBXFileReference; lastKnownFileType = net.daringfireball.markdown; path = CONSOLE_MESSAGE_GUIDE.md; sourceTree = "<group>"; };
		53F1C4187BEB28F5B75F49CA /* ActivityRingsWidget.swift */ = {isa = PBXFileReference; lastKnownFileType = sourcecode.swift; path = ActivityRingsWidget.swift; sourceTree = "<group>"; };
		576757E618EA7061972DA59C /* TVDisplayCoordinatorTests.swift */ = {isa = PBXFileReference; lastKnownFileType = sourcecode.swift; path = TVDisplayCoordinatorTests.swift; sourceTree = "<group>"; };
		5787737B2C9B32BD9AC33949 /* BonhommeVision.app */ = {isa = PBXFileReference; explicitFileType = wrapper.application; includeInIndex = 0; path = BonhommeVision.app; sourceTree = BUILT_PRODUCTS_DIR; };
		57AA50F104A8F756A65C0651 /* BonhommeTV.app */ = {isa = PBXFileReference; explicitFileType = wrapper.application; includeInIndex = 0; path = BonhommeTV.app; sourceTree = BUILT_PRODUCTS_DIR; };
		5D6723693F5CD2FDC781A166 /* Entitlement.swift */ = {isa = PBXFileReference; lastKnownFileType = sourcecode.swift; path = Entitlement.swift; sourceTree = "<group>"; };
		63A01ECD3FE70C476577EECB /* MetricsOverlayView.swift */ = {isa = PBXFileReference; lastKnownFileType = sourcecode.swift; path = MetricsOverlayView.swift; sourceTree = "<group>"; };
		64AFE2D3D12ACF817073A5C8 /* CareKitBridge.swift */ = {isa = PBXFileReference; lastKnownFileType = sourcecode.swift; path = CareKitBridge.swift; sourceTree = "<group>"; };
		6A18B62ECE19ED25527FD00B /* HistoryView.swift */ = {isa = PBXFileReference; lastKnownFileType = sourcecode.swift; path = HistoryView.swift; sourceTree = "<group>"; };
		7C51ECB1891FFEA624CCEB6A /* NATURaLLiveActivity.appex */ = {isa = PBXFileReference; explicitFileType = "wrapper.app-extension"; includeInIndex = 0; path = NATURaLLiveActivity.appex; sourceTree = BUILT_PRODUCTS_DIR; };
		80FA0E59182AE9EE86FCD708 /* PaywallView.swift */ = {isa = PBXFileReference; lastKnownFileType = sourcecode.swift; path = PaywallView.swift; sourceTree = "<group>"; };
		82DEBB157CEFEC4307116E45 /* TVDisplayCoordinator.swift */ = {isa = PBXFileReference; lastKnownFileType = sourcecode.swift; path = TVDisplayCoordinator.swift; sourceTree = "<group>"; };
		8686D21C057BC30AB06189B5 /* NativeCompanionClient.swift */ = {isa = PBXFileReference; lastKnownFileType = sourcecode.swift; path = NativeCompanionClient.swift; sourceTree = "<group>"; };
		8A4C18D50A61DA5766A933A3 /* WatchConnectivityBridge.swift */ = {isa = PBXFileReference; lastKnownFileType = sourcecode.swift; path = WatchConnectivityBridge.swift; sourceTree = "<group>"; };
		8A68B1F8F551D3F2AE2D1AFD /* FitnessPlusReader.swift */ = {isa = PBXFileReference; lastKnownFileType = sourcecode.swift; path = FitnessPlusReader.swift; sourceTree = "<group>"; };
		929BF4BCFE193F18484615E0 /* AirPlaySecondScreen.swift */ = {isa = PBXFileReference; lastKnownFileType = sourcecode.swift; path = AirPlaySecondScreen.swift; sourceTree = "<group>"; };
		96E8B2FA17B7BBC82AFA71BB /* NATURaLWidgets.appex */ = {isa = PBXFileReference; explicitFileType = "wrapper.app-extension"; includeInIndex = 0; path = NATURaLWidgets.appex; sourceTree = BUILT_PRODUCTS_DIR; };
		985A02F6EE01452874C2D655 /* HeartRateMonitor.swift */ = {isa = PBXFileReference; lastKnownFileType = sourcecode.swift; path = HeartRateMonitor.swift; sourceTree = "<group>"; };
		9A5DBA4E63F2205B25690B01 /* SubscriptionManager.swift */ = {isa = PBXFileReference; lastKnownFileType = sourcecode.swift; path = SubscriptionManager.swift; sourceTree = "<group>"; };
		9A6B2F908F0917D19A145A0C /* Package.swift */ = {isa = PBXFileReference; lastKnownFileType = sourcecode.swift; path = Package.swift; sourceTree = "<group>"; };
		9B23F8A7D5EF64D66A594E8D /* ExternalDisplaySceneDelegate.swift */ = {isa = PBXFileReference; lastKnownFileType = sourcecode.swift; path = ExternalDisplaySceneDelegate.swift; sourceTree = "<group>"; };
		9F6F7CD1DED33F23495EC2A1 /* Bonhomme.app */ = {isa = PBXFileReference; explicitFileType = wrapper.application; includeInIndex = 0; path = Bonhomme.app; sourceTree = BUILT_PRODUCTS_DIR; };
		A15B34065BB43F0D98D384DF /* ImmersivePoseSpace.swift */ = {isa = PBXFileReference; lastKnownFileType = sourcecode.swift; path = ImmersivePoseSpace.swift; sourceTree = "<group>"; };
		A2712A1AB52F16BD44CDA921 /* Info.plist */ = {isa = PBXFileReference; lastKnownFileType = text.plist.xml; path = Info.plist; sourceTree = "<group>"; };
		A52AF504CFE0BEDF4D47B83E /* Info.plist */ = {isa = PBXFileReference; lastKnownFileType = text.plist.xml; path = Info.plist; sourceTree = "<group>"; };
		AC4730C7E6FFF0E7CF323893 /* ActivityRingService.swift */ = {isa = PBXFileReference; lastKnownFileType = sourcecode.swift; path = ActivityRingService.swift; sourceTree = "<group>"; };
		ADA4275C9E7DCC5C0353076E /* BonhommeVisionApp.swift */ = {isa = PBXFileReference; lastKnownFileType = sourcecode.swift; path = BonhommeVisionApp.swift; sourceTree = "<group>"; };
		AE126FCF2D708572DCC3D185 /* PhoneConnectivityBridge.swift */ = {isa = PBXFileReference; lastKnownFileType = sourcecode.swift; path = PhoneConnectivityBridge.swift; sourceTree = "<group>"; };
		B1885EBFCE2CC0B5387AD9CE /* SessionCoordinator.swift */ = {isa = PBXFileReference; lastKnownFileType = sourcecode.swift; path = SessionCoordinator.swift; sourceTree = "<group>"; };
		B31B55F0E33E1894538ED708 /* ChairYogaActivity.swift */ = {isa = PBXFileReference; lastKnownFileType = sourcecode.swift; path = ChairYogaActivity.swift; sourceTree = "<group>"; };
		B52CB67AD0E3152C69497A0C /* WatchSessionView.swift */ = {isa = PBXFileReference; lastKnownFileType = sourcecode.swift; path = WatchSessionView.swift; sourceTree = "<group>"; };
		B53AE2127BD0406C5E0B209B /* HealthKitManager.swift */ = {isa = PBXFileReference; lastKnownFileType = sourcecode.swift; path = HealthKitManager.swift; sourceTree = "<group>"; };
		B7E5851C481D6F2C635A5F16 /* CompanionListener.swift */ = {isa = PBXFileReference; lastKnownFileType = sourcecode.swift; path = CompanionListener.swift; sourceTree = "<group>"; };
		B8DEB7CE56DE05FB0A6214D9 /* WorkoutIntents.swift */ = {isa = PBXFileReference; lastKnownFileType = sourcecode.swift; path = WorkoutIntents.swift; sourceTree = "<group>"; };
		B91D1BAD98216928F6EB03AC /* WorkoutFlowView.swift */ = {isa = PBXFileReference; lastKnownFileType = sourcecode.swift; path = WorkoutFlowView.swift; sourceTree = "<group>"; };
		B9F474ADF119BE0A9A27DC5B /* YogaTaskBuilder.swift */ = {isa = PBXFileReference; lastKnownFileType = sourcecode.swift; path = YogaTaskBuilder.swift; sourceTree = "<group>"; };
		BA6CDDF58A764BEDF0BF4AB5 /* Info.plist */ = {isa = PBXFileReference; lastKnownFileType = text.plist.xml; path = Info.plist; sourceTree = "<group>"; };
		C0D9C2DCD9B00FA7ACB0AF84 /* AirPlayFallbackUITests.swift */ = {isa = PBXFileReference; lastKnownFileType = sourcecode.swift; path = AirPlayFallbackUITests.swift; sourceTree = "<group>"; };
		C2075AB31C0DF70BDF50F297 /* HomeView.swift */ = {isa = PBXFileReference; lastKnownFileType = sourcecode.swift; path = HomeView.swift; sourceTree = "<group>"; };
		C2AD88A7A8CA619E175EFD11 /* WatchWorkoutManager.swift */ = {isa = PBXFileReference; lastKnownFileType = sourcecode.swift; path = WatchWorkoutManager.swift; sourceTree = "<group>"; };
		C77F1417FDEA535CCFB59899 /* PersistentModels.swift */ = {isa = PBXFileReference; lastKnownFileType = sourcecode.swift; path = PersistentModels.swift; sourceTree = "<group>"; };
		CD322B3DC03C2ABDF826CC01 /* WorkoutFlowViewModel.swift */ = {isa = PBXFileReference; lastKnownFileType = sourcecode.swift; path = WorkoutFlowViewModel.swift; sourceTree = "<group>"; };
		DA78BAE67E02B6F68782FCBB /* CountdownView.swift */ = {isa = PBXFileReference; lastKnownFileType = sourcecode.swift; path = CountdownView.swift; sourceTree = "<group>"; };
		DCF106DA006A649B22762CE8 /* ResearchKitBridge.swift */ = {isa = PBXFileReference; lastKnownFileType = sourcecode.swift; path = ResearchKitBridge.swift; sourceTree = "<group>"; };
		E42CB8293F97DAD6558CA2C6 /* BonhommeWatchApp.swift */ = {isa = PBXFileReference; lastKnownFileType = sourcecode.swift; path = BonhommeWatchApp.swift; sourceTree = "<group>"; };
		F4088291BB46D86898D6D22D /* Bonhomme.entitlements */ = {isa = PBXFileReference; lastKnownFileType = text.plist.entitlements; path = Bonhomme.entitlements; sourceTree = "<group>"; };
		F63ED6670450497F627DE63D /* InsightEngine.swift */ = {isa = PBXFileReference; lastKnownFileType = sourcecode.swift; path = InsightEngine.swift; sourceTree = "<group>"; };
		FA5001EDCCDD4DB8CD204525 /* SpatialPoseView.swift */ = {isa = PBXFileReference; lastKnownFileType = sourcecode.swift; path = SpatialPoseView.swift; sourceTree = "<group>"; };
		FE2AAFE554DF1D96F774F9EE /* BonhommeTVApp.swift */ = {isa = PBXFileReference; lastKnownFileType = sourcecode.swift; path = BonhommeTVApp.swift; sourceTree = "<group>"; };
		FFC3EE81DF19D881B7154CEC /* StreakWidget.swift */ = {isa = PBXFileReference; lastKnownFileType = sourcecode.swift; path = StreakWidget.swift; sourceTree = "<group>"; };
/* End PBXFileReference section */

/* Begin PBXFrameworksBuildPhase section */
		0A6742A6A9346E9598BDC2E1 /* Frameworks */ = {
			isa = PBXFrameworksBuildPhase;
			files = (
			);
		};
		4CFF797DB6C64CBCB700A3DE /* Frameworks */ = {
			isa = PBXFrameworksBuildPhase;
			files = (
				5041357AEFDC77052FAD2D66 /* BonhommeCore in Frameworks */,
			);
		};
		5E9292B3FAE936A08A037EE3 /* Frameworks */ = {
			isa = PBXFrameworksBuildPhase;
			files = (
			);
		};
		97EFB573CCBC7A8C5EF5807F /* Frameworks */ = {
			isa = PBXFrameworksBuildPhase;
			files = (
				869F462978A05FB70A457EEE /* BonhommeCore in Frameworks */,
				5BE942EF6FB9C83DE5367956 /* CareKitStore in Frameworks */,
			);
		};
		B93A1141443322ACBD774BE4 /* Frameworks */ = {
			isa = PBXFrameworksBuildPhase;
			files = (
			);
		};
		C932E7622F9BB156D6C24BB8 /* Frameworks */ = {
			isa = PBXFrameworksBuildPhase;
			files = (
				879C3EB5DAC57163D311BE93 /* BonhommeCore in Frameworks */,
			);
		};
		F66FAD689BBECDE064C5873A /* Frameworks */ = {
			isa = PBXFrameworksBuildPhase;
			files = (
				F3F7A9D411AB20AC7E2336B8 /* BonhommeCore in Frameworks */,
			);
		};
		F8AF7353264A63268E534ABF /* Frameworks */ = {
			isa = PBXFrameworksBuildPhase;
			files = (
			);
		};
/* End PBXFrameworksBuildPhase section */

/* Begin PBXGroup section */
		0A2C978E52A76F0AA9F68BB5 /* Products */ = {
			isa = PBXGroup;
			children = (
				9F6F7CD1DED33F23495EC2A1 /* Bonhomme.app */,
				57AA50F104A8F756A65C0651 /* BonhommeTV.app */,
				3B20A0CBCF41B50E61CA0C8A /* BonhommeWatch.app */,
				5787737B2C9B32BD9AC33949 /* BonhommeVision.app */,
				7C51ECB1891FFEA624CCEB6A /* NATURaLLiveActivity.appex */,
				96E8B2FA17B7BBC82AFA71BB /* NATURaLWidgets.appex */,
				3AC78F2F5E1A8EC8A83A20D0 /* BonhommeTests.xctest */,
				2EE08A39FAC0453AF19734D2 /* BonhommeUITests.xctest */,
			);
			name = Products;
			sourceTree = "<group>";
		};
		0E49E56A4A748A3A4C69EFC8 /* Paywall */ = {
			isa = PBXGroup;
			children = (
				80FA0E59182AE9EE86FCD708 /* PaywallView.swift */,
			);
			path = Paywall;
			sourceTree = "<group>";
		};
		130AD70FD95A4806574C6E3A /* NATURaLWidgets */ = {
			isa = PBXGroup;
			children = (
				53F1C4187BEB28F5B75F49CA /* ActivityRingsWidget.swift */,
				033531C731694ED3620B940C /* NATURaLWidgetsBundle.swift */,
				BA6CDDF58A764BEDF0BF4AB5 /* Info.plist */,
				FFC3EE81DF19D881B7154CEC /* StreakWidget.swift */,
			);
			path = NATURaLWidgets;
			sourceTree = "<group>";
		};
		13ABD2C5A9F71273FD18B004 /* Networking */ = {
			isa = PBXGroup;
			children = (
				B7E5851C481D6F2C635A5F16 /* CompanionListener.swift */,
			);
			path = Networking;
			sourceTree = "<group>";
		};
		154669CC2236551E32F273A3 /* Packages */ = {
			isa = PBXGroup;
			children = (
			);
			name = Packages;
			sourceTree = "<group>";
		};
		209AFF137B15F38B84BA7AF5 /* Subscription */ = {
			isa = PBXGroup;
			children = (
				5D6723693F5CD2FDC781A166 /* Entitlement.swift */,
				9A5DBA4E63F2205B25690B01 /* SubscriptionManager.swift */,
			);
			path = Subscription;
			sourceTree = "<group>";
		};
		2241B5DB692077C6A3C353CF /* Tests */ = {
			isa = PBXGroup;
			children = (
				7D8785A8C8BB03A445EC28E1 /* BonhommeTests */,
				9ACAF0140E251DBD9E033F7A /* BonhommeUITests */,
			);
			path = Tests;
			sourceTree = "<group>";
		};
		2ACC9ECBEBB487CBABE92389 /* CareKit */ = {
			isa = PBXGroup;
			children = (
				64AFE2D3D12ACF817073A5C8 /* CareKitBridge.swift */,
				B9F474ADF119BE0A9A27DC5B /* YogaTaskBuilder.swift */,
			);
			path = CareKit;
			sourceTree = "<group>";
		};
		2B731CEFC6751AAE0EC69B98 = {
			isa = PBXGroup;
			children = (
				4C9B3C81464508E6A8F3D306 /* Bonhomme */,
				DBDE6A2739D4222AD2BE630C /* BonhommeCore */,
				4F91E5173525BE1784E7350E /* BonhommeTV */,
				F9DD9E8FDDC95697A05DB93C /* BonhommeVision */,
				DC23BE0794C05E7FA04CF314 /* BonhommeWatch */,
				46E4583986DBE0438D7C23D6 /* NATURaLLiveActivity */,
				130AD70FD95A4806574C6E3A /* NATURaLWidgets */,
				2241B5DB692077C6A3C353CF /* Tests */,
				0A2C978E52A76F0AA9F68BB5 /* Products */,
				154669CC2236551E32F273A3 /* Packages */,
			);
			sourceTree = "<group>";
		};
		46E4583986DBE0438D7C23D6 /* NATURaLLiveActivity */ = {
			isa = PBXGroup;
			children = (
				49413D9326C03F255A9050CC /* Info.plist */,
				4324640DCAEA8E0B08DAC833 /* WorkoutLiveActivity.swift */,
			);
			path = NATURaLLiveActivity;
			sourceTree = "<group>";
		};
		4C9B3C81464508E6A8F3D306 /* Bonhomme */ = {
			isa = PBXGroup;
			children = (
				E748EC556CACF57F5DA64FA6 /* App */,
				871D995BCC5C0F397B87E1C3 /* Features */,
				B68118C5D7CD33B61FA1156D /* Services */,
				EFDC7F3A123A9292A2D85FF5 /* Shared */,
				C5D5660995925A23982E9C16 /* TVRelay */,
				F4088291BB46D86898D6D22D /* Bonhomme.entitlements */,
				43A7B3011053F64390AE6CCB /* Info.plist */,
				534933C32F8892E800628680 /* LiveActivity 2 */,
			);
			path = Bonhomme;
			sourceTree = "<group>";
		};
		4F91E5173525BE1784E7350E /* BonhommeTV */ = {
			isa = PBXGroup;
			children = (
				6FDBEC71B2C2159541237617 /* App */,
				13ABD2C5A9F71273FD18B004 /* Networking */,
				6C38762A1916540B3096AE06 /* Views */,
				2FDC5BA711EF5694CD2DCA5D /* Info.plist */,
			);
			path = BonhommeTV;
			sourceTree = "<group>";
		};
		5046310E6BDB98A70926195D /* History */ = {
			isa = PBXGroup;
			children = (
				6A18B62ECE19ED25527FD00B /* HistoryView.swift */,
			);
			path = History;
			sourceTree = "<group>";
		};
		534933C32F8892E800628680 /* LiveActivity 2 */ = {
			isa = PBXGroup;
			children = (
				534933C42F8892F600628680 /* WorkoutActivityAttributes.swift */,
				534933C62F8892F600628680 /* WorkoutLiveActivity.swift */,
			);
			path = "LiveActivity 2";
			sourceTree = "<group>";
		};
		53B67D7396B237BB9805387B /* SharePlay */ = {
			isa = PBXGroup;
			children = (
				B31B55F0E33E1894538ED708 /* ChairYogaActivity.swift */,
				B1885EBFCE2CC0B5387AD9CE /* SessionCoordinator.swift */,
			);
			path = SharePlay;
			sourceTree = "<group>";
		};
		6C38762A1916540B3096AE06 /* Views */ = {
			isa = PBXGroup;
			children = (
				1B7EA9136C4131977C6C8296 /* TVRootView.swift */,
			);
			path = Views;
			sourceTree = "<group>";
		};
		6FDBEC71B2C2159541237617 /* App */ = {
			isa = PBXGroup;
			children = (
				FE2AAFE554DF1D96F774F9EE /* BonhommeTVApp.swift */,
			);
			path = App;
			sourceTree = "<group>";
		};
		703B6E2D72B9A3F1184DD037 /* Workout */ = {
			isa = PBXGroup;
			children = (
				DA78BAE67E02B6F68782FCBB /* CountdownView.swift */,
				C2075AB31C0DF70BDF50F297 /* HomeView.swift */,
				63A01ECD3FE70C476577EECB /* MetricsOverlayView.swift */,
				B91D1BAD98216928F6EB03AC /* WorkoutFlowView.swift */,
				CD322B3DC03C2ABDF826CC01 /* WorkoutFlowViewModel.swift */,
				534933CA2F88936700628680 /* StyleDetailView.swift */,
			);
			path = Workout;
			sourceTree = "<group>";
		};
		73431774202DA336377341EB /* App */ = {
			isa = PBXGroup;
			children = (
				E42CB8293F97DAD6558CA2C6 /* BonhommeWatchApp.swift */,
				8A4C18D50A61DA5766A933A3 /* WatchConnectivityBridge.swift */,
				04CFBDFA4B4A2534530C39D1 /* WatchHomeView.swift */,
				B52CB67AD0E3152C69497A0C /* WatchSessionView.swift */,
				C2AD88A7A8CA619E175EFD11 /* WatchWorkoutManager.swift */,
			);
			path = App;
			sourceTree = "<group>";
		};
		77F1D93B9FC472D342AC4CBC /* WatchConnectivity */ = {
			isa = PBXGroup;
			children = (
				AE126FCF2D708572DCC3D185 /* PhoneConnectivityBridge.swift */,
				53825E3B2F8AE5F8008159A9 /* WORKOUT_COUNTDOWN_FIX.md */,
				53825E3C2F8AE620008159A9 /* CONSOLE_MESSAGE_GUIDE.md */,
			);
			path = WatchConnectivity;
			sourceTree = "<group>";
		};
		7D8785A8C8BB03A445EC28E1 /* BonhommeTests */ = {
			isa = PBXGroup;
			children = (
				576757E618EA7061972DA59C /* TVDisplayCoordinatorTests.swift */,
				493EF22F8480E0C004517FEF /* WorkoutFlowViewModelTests.swift */,
			);
			path = BonhommeTests;
			sourceTree = "<group>";
		};
		8154D986313A83174D4B20A4 /* Persistence */ = {
			isa = PBXGroup;
			children = (
				C77F1417FDEA535CCFB59899 /* PersistentModels.swift */,
			);
			path = Persistence;
			sourceTree = "<group>";
		};
		869CEDD7ABE929A5415359CE /* Music */ = {
			isa = PBXGroup;
			children = (
				0E476F8E5973738F1E1B3844 /* MusicService.swift */,
			);
			path = Music;
			sourceTree = "<group>";
		};
		871D995BCC5C0F397B87E1C3 /* Features */ = {
			isa = PBXGroup;
			children = (
				5046310E6BDB98A70926195D /* History */,
				0E49E56A4A748A3A4C69EFC8 /* Paywall */,
				9DBEDABBF844160E3256A1D0 /* Summary */,
				703B6E2D72B9A3F1184DD037 /* Workout */,
			);
			path = Features;
			sourceTree = "<group>";
		};
		9ACAF0140E251DBD9E033F7A /* BonhommeUITests */ = {
			isa = PBXGroup;
			children = (
				C0D9C2DCD9B00FA7ACB0AF84 /* AirPlayFallbackUITests.swift */,
				243A016A66558286AE3E69C4 /* WorkoutFlowUITests.swift */,
			);
			path = BonhommeUITests;
			sourceTree = "<group>";
		};
		9CF01F0F472008BA63685FD6 /* HealthKit */ = {
			isa = PBXGroup;
			children = (
				AC4730C7E6FFF0E7CF323893 /* ActivityRingService.swift */,
				8A68B1F8F551D3F2AE2D1AFD /* FitnessPlusReader.swift */,
				B53AE2127BD0406C5E0B209B /* HealthKitManager.swift */,
				985A02F6EE01452874C2D655 /* HeartRateMonitor.swift */,
				F63ED6670450497F627DE63D /* InsightEngine.swift */,
				2641A7B30E9FE011D3F54CE4 /* MedicationTracker.swift */,
				DCF106DA006A649B22762CE8 /* ResearchKitBridge.swift */,
				0548EA572BDA6A5A2A713EDF /* WorkoutRecorder.swift */,
				534933C12F88928400628680 /* YogaStyle+HealthKit.swift */,
			);
			path = HealthKit;
			sourceTree = "<group>";
		};
		9DBEDABBF844160E3256A1D0 /* Summary */ = {
			isa = PBXGroup;
			children = (
				4BBCDD92683EEE41C15485A0 /* SummaryView.swift */,
				534933C82F88934C00628680 /* WorkoutShareCard.swift */,
			);
			path = Summary;
			sourceTree = "<group>";
		};
		B68118C5D7CD33B61FA1156D /* Services */ = {
			isa = PBXGroup;
			children = (
				2ACC9ECBEBB487CBABE92389 /* CareKit */,
				9CF01F0F472008BA63685FD6 /* HealthKit */,
				869CEDD7ABE929A5415359CE /* Music */,
				8154D986313A83174D4B20A4 /* Persistence */,
				53B67D7396B237BB9805387B /* SharePlay */,
				B98FCC200A649E73AA5510D2 /* Siri */,
				209AFF137B15F38B84BA7AF5 /* Subscription */,
				77F1D93B9FC472D342AC4CBC /* WatchConnectivity */,
			);
			path = Services;
			sourceTree = "<group>";
		};
		B98FCC200A649E73AA5510D2 /* Siri */ = {
			isa = PBXGroup;
			children = (
				B8DEB7CE56DE05FB0A6214D9 /* WorkoutIntents.swift */,
			);
			path = Siri;
			sourceTree = "<group>";
		};
		C56BE0DC240D5136E49D892B /* App */ = {
			isa = PBXGroup;
			children = (
				ADA4275C9E7DCC5C0353076E /* BonhommeVisionApp.swift */,
				A15B34065BB43F0D98D384DF /* ImmersivePoseSpace.swift */,
				31FE85BB44103C66CB93F1A1 /* SpatialBiofeedbackView.swift */,
				FA5001EDCCDD4DB8CD204525 /* SpatialPoseView.swift */,
			);
			path = App;
			sourceTree = "<group>";
		};
		C5D5660995925A23982E9C16 /* TVRelay */ = {
			isa = PBXGroup;
			children = (
				33C239604307B68D16CBDF17 /* AirPlayRoutePickerView.swift */,
				929BF4BCFE193F18484615E0 /* AirPlaySecondScreen.swift */,
				9B23F8A7D5EF64D66A594E8D /* ExternalDisplaySceneDelegate.swift */,
				8686D21C057BC30AB06189B5 /* NativeCompanionClient.swift */,
				82DEBB157CEFEC4307116E45 /* TVDisplayCoordinator.swift */,
			);
			path = TVRelay;
			sourceTree = "<group>";
		};
		DBDE6A2739D4222AD2BE630C /* BonhommeCore */ = {
			isa = PBXGroup;
			children = (
				9A6B2F908F0917D19A145A0C /* Package.swift */,
				530269F52F885C6E0030AA2D /* LOCALIZATION_GUIDE.md */,
				53094E512F8A9BE2002A7CFE /* AppInitializationTests.swift */,
			);
			path = BonhommeCore;
			sourceTree = "<group>";
		};
		DC23BE0794C05E7FA04CF314 /* BonhommeWatch */ = {
			isa = PBXGroup;
			children = (
				73431774202DA336377341EB /* App */,
				A52AF504CFE0BEDF4D47B83E /* Info.plist */,
			);
			path = BonhommeWatch;
			sourceTree = "<group>";
		};
		E748EC556CACF57F5DA64FA6 /* App */ = {
			isa = PBXGroup;
			children = (
				41E967DEC3B235869C8A0302 /* AppState.swift */,
				30BF400160AE9FBD8D3B266E /* BonhommeApp.swift */,
				53094E522F8A9C0A002A7CFE /* DebugDashboardView.swift */,
				53094E532F8A9C43002A7CFE /* STARTUP_CHECKLIST.md */,
				53094E542F8A9C7C002A7CFE /* DEBUGGING_SUMMARY.md */,
				53094E552F8A9C95002A7CFE /* QUICK_REFERENCE.md */,
			);
			path = App;
			sourceTree = "<group>";
		};
		EFDC7F3A123A9292A2D85FF5 /* Shared */ = {
			isa = PBXGroup;
			children = (
				FFDCC0B84EBAF743E5BBF2D0 /* Components */,
			);
			path = Shared;
			sourceTree = "<group>";
		};
		F9DD9E8FDDC95697A05DB93C /* BonhommeVision */ = {
			isa = PBXGroup;
			children = (
				C56BE0DC240D5136E49D892B /* App */,
				A2712A1AB52F16BD44CDA921 /* Info.plist */,
			);
			path = BonhommeVision;
			sourceTree = "<group>";
		};
		FFDCC0B84EBAF743E5BBF2D0 /* Components */ = {
			isa = PBXGroup;
			children = (
				006F6FA2BCEEA68E98F883AA /* ActivityRingsView.swift */,
			);
			path = Components;
			sourceTree = "<group>";
		};
/* End PBXGroup section */

/* Begin PBXNativeTarget section */
		3CBBBFC801363D2E6D9E6893 /* BonhommeWatch */ = {
			isa = PBXNativeTarget;
			buildConfigurationList = 7045E2E8379D46BFFA767FDE /* Build configuration list for PBXNativeTarget "BonhommeWatch" */;
			buildPhases = (
				251FBA5035B3A36B86D68809 /* Sources */,
				4CFF797DB6C64CBCB700A3DE /* Frameworks */,
			);
			buildRules = (
			);
			name = BonhommeWatch;
			packageProductDependencies = (
				D2066727444F421784F230ED /* BonhommeCore */,
			);
			productName = BonhommeWatch;
			productReference = 3B20A0CBCF41B50E61CA0C8A /* BonhommeWatch.app */;
			productType = "com.apple.product-type.application";
		};
		4E22AE3417C5850EA6DA0D1A /* BonhommeVision */ = {
			isa = PBXNativeTarget;
			buildConfigurationList = DA6E99C7ADCB2DC6146295E6 /* Build configuration list for PBXNativeTarget "BonhommeVision" */;
			buildPhases = (
				73DA79884C2D753985A58A57 /* Sources */,
				F66FAD689BBECDE064C5873A /* Frameworks */,
			);
			buildRules = (
			);
			name = BonhommeVision;
			packageProductDependencies = (
				2116565DC2151DED0D9D89F7 /* BonhommeCore */,
			);
			productName = BonhommeVision;
			productReference = 5787737B2C9B32BD9AC33949 /* BonhommeVision.app */;
			productType = "com.apple.product-type.application";
		};
		A533C61BA31611801C58232D /* BonhommeTests */ = {
			isa = PBXNativeTarget;
			buildConfigurationList = E5801BF18DEB40620893C616 /* Build configuration list for PBXNativeTarget "BonhommeTests" */;
			buildPhases = (
				2CE0C7BFA309E410C28629EC /* Sources */,
				0A6742A6A9346E9598BDC2E1 /* Frameworks */,
			);
			buildRules = (
			);
			dependencies = (
				C2ACB5D37B5E45907B5CBB64 /* PBXTargetDependency */,
			);
			name = BonhommeTests;
			productName = BonhommeTests;
			productReference = 3AC78F2F5E1A8EC8A83A20D0 /* BonhommeTests.xctest */;
			productType = "com.apple.product-type.bundle.unit-test";
		};
		AFF6D93EEBC72D1A16516CB6 /* NATURaLWidgets */ = {
			isa = PBXNativeTarget;
			buildConfigurationList = F98DE11A1125C91904B9DE5A /* Build configuration list for PBXNativeTarget "NATURaLWidgets" */;
			buildPhases = (
				0E2C3DDD8F819138FFB68E0F /* Sources */,
				B93A1141443322ACBD774BE4 /* Frameworks */,
			);
			buildRules = (
			);
			name = NATURaLWidgets;
			productName = NATURaLWidgets;
			productReference = 96E8B2FA17B7BBC82AFA71BB /* NATURaLWidgets.appex */;
			productType = "com.apple.product-type.app-extension";
		};
		C708235B5A6E91D489B1A866 /* BonhommeUITests */ = {
			isa = PBXNativeTarget;
			buildConfigurationList = 5D0D56919135D7D373BDABBF /* Build configuration list for PBXNativeTarget "BonhommeUITests" */;
			buildPhases = (
				9E932D6F72419A52379B9947 /* Sources */,
				5E9292B3FAE936A08A037EE3 /* Frameworks */,
			);
			buildRules = (
			);
			dependencies = (
				E05F6CA729BE5E22ACB899E0 /* PBXTargetDependency */,
			);
			name = BonhommeUITests;
			productName = BonhommeUITests;
			productReference = 2EE08A39FAC0453AF19734D2 /* BonhommeUITests.xctest */;
			productType = "com.apple.product-type.bundle.ui-testing";
		};
		CBDE573061803B5CE517CE72 /* NATURaLLiveActivity */ = {
			isa = PBXNativeTarget;
			buildConfigurationList = 8309BC7E1A0B7274B64F0F4A /* Build configuration list for PBXNativeTarget "NATURaLLiveActivity" */;
			buildPhases = (
				F0852BD9CBE9F80EB030D0A8 /* Sources */,
				F8AF7353264A63268E534ABF /* Frameworks */,
			);
			buildRules = (
			);
			name = NATURaLLiveActivity;
			productName = NATURaLLiveActivity;
			productReference = 7C51ECB1891FFEA624CCEB6A /* NATURaLLiveActivity.appex */;
			productType = "com.apple.product-type.app-extension";
		};
		CE2F95449EA116BB80C95669 /* Bonhomme */ = {
			isa = PBXNativeTarget;
			buildConfigurationList = BF1E96EAFD7A37E437EEC062 /* Build configuration list for PBXNativeTarget "Bonhomme" */;
			buildPhases = (
				75D36BED9165EA876343B76C /* Sources */,
				97EFB573CCBC7A8C5EF5807F /* Frameworks */,
				1AAB605232D382A12169D41C /* Embed Extensions */,
			);
			buildRules = (
			);
			dependencies = (
				0669C55D86949C21B1E89871 /* PBXTargetDependency */,
				A08EB289D4A6F49014354537 /* PBXTargetDependency */,
			);
			name = Bonhomme;
			packageProductDependencies = (
				9148A73EAA731B5C6F2FAD21 /* BonhommeCore */,
				34D983926E592456B194E519 /* CareKitStore */,
			);
			productName = Bonhomme;
			productReference = 9F6F7CD1DED33F23495EC2A1 /* Bonhomme.app */;
			productType = "com.apple.product-type.application";
		};
		F87083C4BE51F1CCA10B40AC /* BonhommeTV */ = {
			isa = PBXNativeTarget;
			buildConfigurationList = FA4E675B01ABDC74FC10A91C /* Build configuration list for PBXNativeTarget "BonhommeTV" */;
			buildPhases = (
				D7031E39CAC89C4685B1962D /* Sources */,
				C932E7622F9BB156D6C24BB8 /* Frameworks */,
			);
			buildRules = (
			);
			name = BonhommeTV;
			packageProductDependencies = (
				622080EA269671D7D0921B47 /* BonhommeCore */,
			);
			productName = BonhommeTV;
			productReference = 57AA50F104A8F756A65C0651 /* BonhommeTV.app */;
			productType = "com.apple.product-type.application";
		};
/* End PBXNativeTarget section */

/* Begin PBXProject section */
		7EA6D9377E56C32636195598 /* Project object */ = {
			isa = PBXProject;
			attributes = {
				BuildIndependentTargetsInParallel = 1;
				LastSwiftUpdateCheck = 1540;
				LastUpgradeCheck = 2640;
				TargetAttributes = {
					C708235B5A6E91D489B1A866 = {
						TestTargetID = CE2F95449EA116BB80C95669;
					};
				};
			};
			buildConfigurationList = E0367D107ACD4D83ED767BFC /* Build configuration list for PBXProject "NATURaL" */;
			developmentRegion = en;
			hasScannedForEncodings = 0;
			knownRegions = (
				en,
				fr,
				Base,
				"zh-Hans",
				ar,
				de,
				"fr-CA",
				"en-GB",
				"en-AU",
				hr,
				cs,
				nl,
				da,
				bg,
				ja,
				he,
				fi,
				ko,
				id,
				vi,
				ru,
				ro,
				"pt-BR",
				pl,
			);
			mainGroup = 2B731CEFC6751AAE0EC69B98;
			packageReferences = (
				6B1B48011FD2DF61F369AFC4 /* XCLocalSwiftPackageReference "BonhommeCore" */,
				5B2E4464C6E3412D83B3412A /* XCRemoteSwiftPackageReference "CareKit" */,
			);
			preferredProjectObjectVersion = 100;
			productRefGroup = 0A2C978E52A76F0AA9F68BB5 /* Products */;
			projectDirPath = "";
			projectRoot = "";
			targets = (
				CE2F95449EA116BB80C95669 /* Bonhomme */,
				F87083C4BE51F1CCA10B40AC /* BonhommeTV */,
				3CBBBFC801363D2E6D9E6893 /* BonhommeWatch */,
				4E22AE3417C5850EA6DA0D1A /* BonhommeVision */,
				CBDE573061803B5CE517CE72 /* NATURaLLiveActivity */,
				AFF6D93EEBC72D1A16516CB6 /* NATURaLWidgets */,
				A533C61BA31611801C58232D /* BonhommeTests */,
				C708235B5A6E91D489B1A866 /* BonhommeUITests */,
			);
		};
/* End PBXProject section */

/* Begin PBXSourcesBuildPhase section */
		0E2C3DDD8F819138FFB68E0F /* Sources */ = {
			isa = PBXSourcesBuildPhase;
			files = (
				4EE07080CC92DE0579A52D6B /* ActivityRingsWidget.swift in Sources */,
				99BFB4BF56E1EF22A984A770 /* NATURaLWidgetsBundle.swift in Sources */,
				918341A08086F652869D118B /* StreakWidget.swift in Sources */,
				E6CE1531D07BF94FAF38069B /* ActivityRingsView.swift in Sources */,
			);
		};
		251FBA5035B3A36B86D68809 /* Sources */ = {
			isa = PBXSourcesBuildPhase;
			files = (
				68C5637B03670C35407D1EF8 /* BonhommeWatchApp.swift in Sources */,
				11997E1AAA6EBDA3D50C5F77 /* WatchConnectivityBridge.swift in Sources */,
				83120F65EF14CED3B7D8EAC8 /* WatchHomeView.swift in Sources */,
				312211F5C4DD313CA7ECAA1B /* WatchSessionView.swift in Sources */,
				CAA745CD22BEA5EE166A990C /* WatchWorkoutManager.swift in Sources */,
			);
		};
		2CE0C7BFA309E410C28629EC /* Sources */ = {
			isa = PBXSourcesBuildPhase;
			files = (
				9D3E5EC185B3349F6332BB6C /* TVDisplayCoordinatorTests.swift in Sources */,
				E9D90BC869E6D9EE781D3BA4 /* WorkoutFlowViewModelTests.swift in Sources */,
			);
		};
		73DA79884C2D753985A58A57 /* Sources */ = {
			isa = PBXSourcesBuildPhase;
			files = (
				ED7A353ABEC1EFA4BCDEBD84 /* BonhommeVisionApp.swift in Sources */,
				D4D8E9B7EB4A2E04AC6F61A0 /* ImmersivePoseSpace.swift in Sources */,
				67DC6423713149536129174C /* SpatialBiofeedbackView.swift in Sources */,
				DACE9EED9C8EAD27FC976982 /* SpatialPoseView.swift in Sources */,
			);
		};
		75D36BED9165EA876343B76C /* Sources */ = {
			isa = PBXSourcesBuildPhase;
			files = (
				606455AAC0195FC7D0F2CAE2 /* AppState.swift in Sources */,
				ECA094B581739F661B6FADB1 /* BonhommeApp.swift in Sources */,
				4FEF09430A85431393D8E1FF /* DebugDashboardView.swift in Sources */,
				8D0E4ACCC2765CFA20347728 /* HistoryView.swift in Sources */,
				238BCEA39FF4AD36C857045E /* PaywallView.swift in Sources */,
				B2A4F46F38A97347A6802603 /* SummaryView.swift in Sources */,
				EBD6400DD749D6F607C87EB7 /* CountdownView.swift in Sources */,
				534933C72F8892F600628680 /* WorkoutLiveActivity.swift in Sources */,
				534933CB2F88936700628680 /* StyleDetailView.swift in Sources */,
				9AB4E4180C83DA08F3B16FDC /* HomeView.swift in Sources */,
				5D03FA63EC61DAB5028D4752 /* MetricsOverlayView.swift in Sources */,
				0EAB617165018E30C1D403AE /* WorkoutFlowView.swift in Sources */,
				8EEFA0257ABB9391390D01D6 /* WorkoutFlowViewModel.swift in Sources */,
				70F5341A6A010D747DE471EA /* CareKitBridge.swift in Sources */,
				23F1A4F57862025BECEDAE9F /* YogaTaskBuilder.swift in Sources */,
				C48773DDABA1E459081BDB49 /* ActivityRingService.swift in Sources */,
				20AF62F3EDCB32D6985E1742 /* FitnessPlusReader.swift in Sources */,
				FD49833D260B4FF35CDC6473 /* HealthKitManager.swift in Sources */,
				5A13F14D9C36CE6E0E442C80 /* HeartRateMonitor.swift in Sources */,
				88EA537DFE1C985516B3783E /* InsightEngine.swift in Sources */,
				F29B15D27C7DA1AACC0AC1AA /* MedicationTracker.swift in Sources */,
				A1550E8D236FC77DA5874888 /* ResearchKitBridge.swift in Sources */,
				534933C52F8892F600628680 /* WorkoutActivityAttributes.swift in Sources */,
				EC6E020914E50BA731EAF436 /* WorkoutRecorder.swift in Sources */,
				EE7A5360BFFDA59E0AF715AF /* MusicService.swift in Sources */,
				E07D5C8CEE61F81FA41E28BB /* PersistentModels.swift in Sources */,
				8269669262800477717015BA /* ChairYogaActivity.swift in Sources */,
				0E49383CD358A88C9AECA630 /* SessionCoordinator.swift in Sources */,
				00000A792B5E2D3E20A00DD9 /* WorkoutIntents.swift in Sources */,
				534933C22F88928400628680 /* YogaStyle+HealthKit.swift in Sources */,
				D95E25FE6B51A3234313A654 /* Entitlement.swift in Sources */,
				DB44A4EC754338206E4E88DE /* SubscriptionManager.swift in Sources */,
				28542F168E771A3D8C03D04E /* PhoneConnectivityBridge.swift in Sources */,
				534933C92F88934C00628680 /* WorkoutShareCard.swift in Sources */,
				E3A9130BFEED01CCE906DCA3 /* ActivityRingsView.swift in Sources */,
				ACFB314B176E156222E6BC27 /* AirPlayRoutePickerView.swift in Sources */,
				DBEE9FF686FCCA1B46D89F3F /* AirPlaySecondScreen.swift in Sources */,
				E8765D727C3447AFAE8D6490 /* ExternalDisplaySceneDelegate.swift in Sources */,
				B1549B8CB4C993CF9F332C5F /* NativeCompanionClient.swift in Sources */,
				5E5FAE10B797CEEB05D1F365 /* TVDisplayCoordinator.swift in Sources */,
			);
		};
		9E932D6F72419A52379B9947 /* Sources */ = {
			isa = PBXSourcesBuildPhase;
			files = (
				9B3B0CE83F8AD03C5D933F74 /* AirPlayFallbackUITests.swift in Sources */,
				3E20844C3B7C73D4A4684AD0 /* WorkoutFlowUITests.swift in Sources */,
			);
		};
		D7031E39CAC89C4685B1962D /* Sources */ = {
			isa = PBXSourcesBuildPhase;
			files = (
				C0513339155F7CB14E6A44E3 /* BonhommeTVApp.swift in Sources */,
				EDEE89A8675D8B0A03BDBC64 /* CompanionListener.swift in Sources */,
				9ECCE4C9BF90CD4E29BDD293 /* TVRootView.swift in Sources */,
			);
		};
		F0852BD9CBE9F80EB030D0A8 /* Sources */ = {
			isa = PBXSourcesBuildPhase;
			files = (
				D6F58A4BCA1BF89C52850CFC /* WorkoutLiveActivity.swift in Sources */,
			);
		};
/* End PBXSourcesBuildPhase section */

/* Begin PBXTargetDependency section */
		0669C55D86949C21B1E89871 /* PBXTargetDependency */ = {
			isa = PBXTargetDependency;
			target = CBDE573061803B5CE517CE72 /* NATURaLLiveActivity */;
			targetProxy = ECE723A0A0723CC11D08803A /* PBXContainerItemProxy */;
		};
		A08EB289D4A6F49014354537 /* PBXTargetDependency */ = {
			isa = PBXTargetDependency;
			target = AFF6D93EEBC72D1A16516CB6 /* NATURaLWidgets */;
			targetProxy = 13DCC5C111BF76B5B6BC6247 /* PBXContainerItemProxy */;
		};
		C2ACB5D37B5E45907B5CBB64 /* PBXTargetDependency */ = {
			isa = PBXTargetDependency;
			target = CE2F95449EA116BB80C95669 /* Bonhomme */;
			targetProxy = 2E532B324EC44025019924BF /* PBXContainerItemProxy */;
		};
		E05F6CA729BE5E22ACB899E0 /* PBXTargetDependency */ = {
			isa = PBXTargetDependency;
			target = CE2F95449EA116BB80C95669 /* Bonhomme */;
			targetProxy = 79FC3CBBBDB59F4516824DC4 /* PBXContainerItemProxy */;
		};
/* End PBXTargetDependency section */

/* Begin XCBuildConfiguration section */
		0C8286DC9ED19D76E8D5BEE5 /* Release configuration for PBXNativeTarget "NATURaLLiveActivity" */ = {
			isa = XCBuildConfiguration;
			buildSettings = {
				COPY_PHASE_STRIP = YES;
				CURRENT_PROJECT_VERSION = 1;
				DEBUG_INFORMATION_FORMAT = "dwarf-with-dsym";
				DEVELOPMENT_TEAM = ZJLX84G8QV;
				GENERATE_INFOPLIST_FILE = NO;
				INFOPLIST_FILE = NATURaLLiveActivity/Info.plist;
				IPHONEOS_DEPLOYMENT_TARGET = 17.0;
				MARKETING_VERSION = 1.0;
				PRODUCT_BUNDLE_IDENTIFIER = com.natural.Bonhomme.LiveActivity;
				PRODUCT_NAME = "$(TARGET_NAME)";
				SDKROOT = iphoneos;
				SKIP_INSTALL = YES;
				SWIFT_OPTIMIZATION_LEVEL = "-O";
				SWIFT_VERSION = 5.0;
			};
			name = Release;
		};
		11BDF4520E415C208EC90709 /* Debug configuration for PBXProject "NATURaL" */ = {
			isa = XCBuildConfiguration;
			buildSettings = {
				ALWAYS_SEARCH_USER_PATHS = NO;
				ASSETCATALOG_COMPILER_GENERATE_SWIFT_ASSET_SYMBOL_EXTENSIONS = YES;
				CLANG_ANALYZER_LOCALIZABILITY_NONLOCALIZED = YES;
				CLANG_ANALYZER_NONNULL = YES;
				CLANG_CXX_LANGUAGE_STANDARD = "gnu++20";
				CLANG_ENABLE_MODULES = YES;
				CLANG_ENABLE_OBJC_ARC = YES;
				CLANG_WARN_BLOCK_CAPTURE_AUTORELEASING = YES;
				CLANG_WARN_BOOL_CONVERSION = YES;
				CLANG_WARN_COMMA = YES;
				CLANG_WARN_CONSTANT_CONVERSION = YES;
				CLANG_WARN_DEPRECATED_OBJC_IMPLEMENTATIONS = YES;
				CLANG_WARN_EMPTY_BODY = YES;
				CLANG_WARN_ENUM_CONVERSION = YES;
				CLANG_WARN_INFINITE_RECURSION = YES;
				CLANG_WARN_INT_CONVERSION = YES;
				CLANG_WARN_NON_LITERAL_NULL_CONVERSION = YES;
				CLANG_WARN_OBJC_IMPLICIT_RETAIN_SELF = YES;
				CLANG_WARN_OBJC_LITERAL_CONVERSION = YES;
				CLANG_WARN_QUOTED_INCLUDE_IN_FRAMEWORK_HEADER = YES;
				CLANG_WARN_RANGE_LOOP_ANALYSIS = YES;
				CLANG_WARN_STRICT_PROTOTYPES = YES;
				CLANG_WARN_SUSPICIOUS_MOVE = YES;
				CLANG_WARN_UNREACHABLE_CODE = YES;
				CLANG_WARN__DUPLICATE_METHOD_MATCH = YES;
				CODE_SIGN_STYLE = Automatic;
				DEAD_CODE_STRIPPING = YES;
				DEBUG_INFORMATION_FORMAT = dwarf;
				DEVELOPMENT_TEAM = "";
				ENABLE_STRICT_OBJC_MSGSEND = YES;
				ENABLE_TESTABILITY = YES;
				ENABLE_USER_SCRIPT_SANDBOXING = YES;
				GCC_NO_COMMON_BLOCKS = YES;
				GCC_OPTIMIZATION_LEVEL = 0;
				GCC_WARN_64_TO_32_BIT_CONVERSION = YES;
				GCC_WARN_ABOUT_RETURN_TYPE = YES;
				GCC_WARN_UNDECLARED_SELECTOR = YES;
				GCC_WARN_UNINITIALIZED_AUTOS = YES;
				GCC_WARN_UNUSED_FUNCTION = YES;
				GCC_WARN_UNUSED_VARIABLE = YES;
				ONLY_ACTIVE_ARCH = YES;
				STRING_CATALOG_GENERATE_SYMBOLS = YES;
				SWIFT_ACTIVE_COMPILATION_CONDITIONS = DEBUG;
				SWIFT_OPTIMIZATION_LEVEL = "-Onone";
				SWIFT_VERSION = 5.0;
			};
			name = Debug;
		};
		2813B0F498B8C15B3382D7AD /* Release configuration for PBXNativeTarget "BonhommeTests" */ = {
			isa = XCBuildConfiguration;
			buildSettings = {
				BUNDLE_LOADER = "$(TEST_HOST)";
				COPY_PHASE_STRIP = YES;
				DEBUG_INFORMATION_FORMAT = "dwarf-with-dsym";
				GENERATE_INFOPLIST_FILE = YES;
				IPHONEOS_DEPLOYMENT_TARGET = 17.0;
				PRODUCT_BUNDLE_IDENTIFIER = com.natural.BonhommeTests;
				PRODUCT_NAME = "$(TARGET_NAME)";
				SDKROOT = iphoneos;
				SWIFT_OPTIMIZATION_LEVEL = "-O";
				SWIFT_VERSION = 5.0;
				TEST_HOST = "$(BUILT_PRODUCTS_DIR)/Bonhomme.app/$(BUNDLE_EXECUTABLE_FOLDER_PATH)/Bonhomme";
			};
			name = Release;
		};
		35B6FA243765014E56155659 /* Debug configuration for PBXNativeTarget "NATURaLLiveActivity" */ = {
			isa = XCBuildConfiguration;
			buildSettings = {
				CURRENT_PROJECT_VERSION = 1;
				DEBUG_INFORMATION_FORMAT = dwarf;
				DEVELOPMENT_TEAM = ZJLX84G8QV;
				GENERATE_INFOPLIST_FILE = NO;
				INFOPLIST_FILE = NATURaLLiveActivity/Info.plist;
				IPHONEOS_DEPLOYMENT_TARGET = 17.0;
				MARKETING_VERSION = 1.0;
				PRODUCT_BUNDLE_IDENTIFIER = com.natural.Bonhomme.LiveActivity;
				PRODUCT_NAME = "$(TARGET_NAME)";
				SDKROOT = iphoneos;
				SKIP_INSTALL = YES;
				SWIFT_ACTIVE_COMPILATION_CONDITIONS = DEBUG;
				SWIFT_OPTIMIZATION_LEVEL = "-Onone";
				SWIFT_VERSION = 5.0;
			};
			name = Debug;
		};
		3BC3CCC0C9AF8127274C4759 /* Release configuration for PBXNativeTarget "BonhommeTV" */ = {
			isa = XCBuildConfiguration;
			buildSettings = {
				COPY_PHASE_STRIP = YES;
				CURRENT_PROJECT_VERSION = 1;
				DEBUG_INFORMATION_FORMAT = "dwarf-with-dsym";
				GENERATE_INFOPLIST_FILE = NO;
				INFOPLIST_FILE = BonhommeTV/Info.plist;
				MARKETING_VERSION = 1.0;
				PRODUCT_BUNDLE_IDENTIFIER = com.natural.BonhommeTV;
				PRODUCT_NAME = "$(TARGET_NAME)";
				SDKROOT = appletvos;
				SWIFT_OPTIMIZATION_LEVEL = "-O";
				SWIFT_VERSION = 5.0;
				TVOS_DEPLOYMENT_TARGET = 17.0;
			};
			name = Release;
		};
		5C9C5FB500F94AF8DE406AB6 /* Release configuration for PBXNativeTarget "BonhommeWatch" */ = {
			isa = XCBuildConfiguration;
			buildSettings = {
				CODE_SIGN_ENTITLEMENTS = BonhommeWatch/BonhommeWatch.entitlements;
				COPY_PHASE_STRIP = YES;
				CURRENT_PROJECT_VERSION = 1;
				DEBUG_INFORMATION_FORMAT = "dwarf-with-dsym";
				GENERATE_INFOPLIST_FILE = NO;
				INFOPLIST_FILE = BonhommeWatch/Info.plist;
				MARKETING_VERSION = 1.0;
				PRODUCT_BUNDLE_IDENTIFIER = com.natural.BonhommeWatch;
				PRODUCT_NAME = "$(TARGET_NAME)";
				SDKROOT = watchos;
				SWIFT_OPTIMIZATION_LEVEL = "-O";
				SWIFT_VERSION = 5.0;
				WATCHOS_DEPLOYMENT_TARGET = 10.0;
			};
			name = Release;
		};
		688706E039D5BE3B3F5108CD /* Release configuration for PBXNativeTarget "BonhommeUITests" */ = {
			isa = XCBuildConfiguration;
			buildSettings = {
				COPY_PHASE_STRIP = YES;
				DEBUG_INFORMATION_FORMAT = "dwarf-with-dsym";
				GENERATE_INFOPLIST_FILE = YES;
				IPHONEOS_DEPLOYMENT_TARGET = 17.0;
				PRODUCT_BUNDLE_IDENTIFIER = com.natural.BonhommeUITests;
				PRODUCT_NAME = "$(TARGET_NAME)";
				SDKROOT = iphoneos;
				SWIFT_OPTIMIZATION_LEVEL = "-O";
				SWIFT_VERSION = 5.0;
				TEST_TARGET_NAME = Bonhomme;
			};
			name = Release;
		};
		6C1CE64DF3591527B554FAA4 /* Debug configuration for PBXNativeTarget "BonhommeVision" */ = {
			isa = XCBuildConfiguration;
			buildSettings = {
				CURRENT_PROJECT_VERSION = 1;
				DEBUG_INFORMATION_FORMAT = dwarf;
				GENERATE_INFOPLIST_FILE = NO;
				INFOPLIST_FILE = BonhommeVision/Info.plist;
				MARKETING_VERSION = 1.0;
				PRODUCT_BUNDLE_IDENTIFIER = com.natural.BonhommeVision;
				PRODUCT_NAME = "$(TARGET_NAME)";
				SDKROOT = xros;
				SWIFT_ACTIVE_COMPILATION_CONDITIONS = DEBUG;
				SWIFT_OPTIMIZATION_LEVEL = "-Onone";
				SWIFT_VERSION = 5.0;
				XROS_DEPLOYMENT_TARGET = 1.0;
			};
			name = Debug;
		};
		72301898F1386BB67F77698A /* Release configuration for PBXProject "NATURaL" */ = {
			isa = XCBuildConfiguration;
			buildSettings = {
				ALWAYS_SEARCH_USER_PATHS = NO;
				ASSETCATALOG_COMPILER_GENERATE_SWIFT_ASSET_SYMBOL_EXTENSIONS = YES;
				CLANG_ANALYZER_LOCALIZABILITY_NONLOCALIZED = YES;
				CLANG_ANALYZER_NONNULL = YES;
				CLANG_CXX_LANGUAGE_STANDARD = "gnu++20";
				CLANG_ENABLE_MODULES = YES;
				CLANG_ENABLE_OBJC_ARC = YES;
				CLANG_WARN_BLOCK_CAPTURE_AUTORELEASING = YES;
				CLANG_WARN_BOOL_CONVERSION = YES;
				CLANG_WARN_COMMA = YES;
				CLANG_WARN_CONSTANT_CONVERSION = YES;
				CLANG_WARN_DEPRECATED_OBJC_IMPLEMENTATIONS = YES;
				CLANG_WARN_EMPTY_BODY = YES;
				CLANG_WARN_ENUM_CONVERSION = YES;
				CLANG_WARN_INFINITE_RECURSION = YES;
				CLANG_WARN_INT_CONVERSION = YES;
				CLANG_WARN_NON_LITERAL_NULL_CONVERSION = YES;
				CLANG_WARN_OBJC_IMPLICIT_RETAIN_SELF = YES;
				CLANG_WARN_OBJC_LITERAL_CONVERSION = YES;
				CLANG_WARN_QUOTED_INCLUDE_IN_FRAMEWORK_HEADER = YES;
				CLANG_WARN_RANGE_LOOP_ANALYSIS = YES;
				CLANG_WARN_STRICT_PROTOTYPES = YES;
				CLANG_WARN_SUSPICIOUS_MOVE = YES;
				CLANG_WARN_UNREACHABLE_CODE = YES;
				CLANG_WARN__DUPLICATE_METHOD_MATCH = YES;
				CODE_SIGN_STYLE = Automatic;
				COPY_PHASE_STRIP = YES;
				DEAD_CODE_STRIPPING = YES;
				DEBUG_INFORMATION_FORMAT = "dwarf-with-dsym";
				DEVELOPMENT_TEAM = "";
				ENABLE_NS_ASSERTIONS = NO;
				ENABLE_STRICT_OBJC_MSGSEND = YES;
				ENABLE_USER_SCRIPT_SANDBOXING = YES;
				GCC_NO_COMMON_BLOCKS = YES;
				GCC_WARN_64_TO_32_BIT_CONVERSION = YES;
				GCC_WARN_ABOUT_RETURN_TYPE = YES;
				GCC_WARN_UNDECLARED_SELECTOR = YES;
				GCC_WARN_UNINITIALIZED_AUTOS = YES;
				GCC_WARN_UNUSED_FUNCTION = YES;
				GCC_WARN_UNUSED_VARIABLE = YES;
				STRING_CATALOG_GENERATE_SYMBOLS = YES;
				SWIFT_COMPILATION_MODE = wholemodule;
				SWIFT_OPTIMIZATION_LEVEL = "-O";
				SWIFT_VERSION = 5.0;
			};
			name = Release;
		};
		93EE92728DA711E32F2FFD32 /* Debug configuration for PBXNativeTarget "BonhommeTests" */ = {
			isa = XCBuildConfiguration;
			buildSettings = {
				BUNDLE_LOADER = "$(TEST_HOST)";
				DEBUG_INFORMATION_FORMAT = dwarf;
				GENERATE_INFOPLIST_FILE = YES;
				IPHONEOS_DEPLOYMENT_TARGET = 17.0;
				PRODUCT_BUNDLE_IDENTIFIER = com.natural.BonhommeTests;
				PRODUCT_NAME = "$(TARGET_NAME)";
				SDKROOT = iphoneos;
				SWIFT_ACTIVE_COMPILATION_CONDITIONS = DEBUG;
				SWIFT_OPTIMIZATION_LEVEL = "-Onone";
				SWIFT_VERSION = 5.0;
				TEST_HOST = "$(BUILT_PRODUCTS_DIR)/Bonhomme.app/$(BUNDLE_EXECUTABLE_FOLDER_PATH)/Bonhomme";
			};
			name = Debug;
		};
		A0E7E8EBCEEAE1E35815A476 /* Debug configuration for PBXNativeTarget "BonhommeTV" */ = {
			isa = XCBuildConfiguration;
			buildSettings = {
				CURRENT_PROJECT_VERSION = 1;
				DEBUG_INFORMATION_FORMAT = dwarf;
				GENERATE_INFOPLIST_FILE = NO;
				INFOPLIST_FILE = BonhommeTV/Info.plist;
				MARKETING_VERSION = 1.0;
				PRODUCT_BUNDLE_IDENTIFIER = com.natural.BonhommeTV;
				PRODUCT_NAME = "$(TARGET_NAME)";
				SDKROOT = appletvos;
				SWIFT_ACTIVE_COMPILATION_CONDITIONS = DEBUG;
				SWIFT_OPTIMIZATION_LEVEL = "-Onone";
				SWIFT_VERSION = 5.0;
				TVOS_DEPLOYMENT_TARGET = 17.0;
			};
			name = Debug;
		};
		B1DB3192867D06CBB7E0A96C /* Release configuration for PBXNativeTarget "Bonhomme" */ = {
			isa = XCBuildConfiguration;
			buildSettings = {
				ASSETCATALOG_COMPILER_APPICON_NAME = AppIcon;
				CODE_SIGN_ENTITLEMENTS = Bonhomme/Bonhomme.entitlements;
				COPY_PHASE_STRIP = YES;
				CURRENT_PROJECT_VERSION = 1;
				DEBUG_INFORMATION_FORMAT = "dwarf-with-dsym";
				DEVELOPMENT_TEAM = ZJLX84G8QV;
				GENERATE_INFOPLIST_FILE = NO;
				INFOPLIST_FILE = Bonhomme/Info.plist;
				INFOPLIST_KEY_LSApplicationCategoryType = "public.app-category.healthcare-fitness";
				IPHONEOS_DEPLOYMENT_TARGET = 18.6;
				MARKETING_VERSION = 1.0;
				PRODUCT_BUNDLE_IDENTIFIER = com.natural.Bonhomme;
				PRODUCT_NAME = "$(TARGET_NAME)";
				SDKROOT = iphoneos;
				SWIFT_EMIT_LOC_STRINGS = YES;
				SWIFT_OPTIMIZATION_LEVEL = "-O";
				SWIFT_VERSION = 5.0;
				TARGETED_DEVICE_FAMILY = "1,2";
			};
			name = Release;
		};
		B984FD7A965D163195480EFE /* Debug configuration for PBXNativeTarget "Bonhomme" */ = {
			isa = XCBuildConfiguration;
			buildSettings = {
				ASSETCATALOG_COMPILER_APPICON_NAME = AppIcon;
				CODE_SIGN_ENTITLEMENTS = Bonhomme/Bonhomme.entitlements;
				CURRENT_PROJECT_VERSION = 1;
				DEBUG_INFORMATION_FORMAT = dwarf;
				DEVELOPMENT_TEAM = ZJLX84G8QV;
				GENERATE_INFOPLIST_FILE = NO;
				INFOPLIST_FILE = Bonhomme/Info.plist;
				INFOPLIST_KEY_LSApplicationCategoryType = "public.app-category.healthcare-fitness";
				IPHONEOS_DEPLOYMENT_TARGET = 18.6;
				MARKETING_VERSION = 1.0;
				PRODUCT_BUNDLE_IDENTIFIER = com.natural.Bonhomme;
				PRODUCT_NAME = "$(TARGET_NAME)";
				SDKROOT = iphoneos;
				SWIFT_ACTIVE_COMPILATION_CONDITIONS = DEBUG;
				SWIFT_EMIT_LOC_STRINGS = YES;
				SWIFT_OPTIMIZATION_LEVEL = "-Onone";
				SWIFT_VERSION = 5.0;
				TARGETED_DEVICE_FAMILY = "1,2";
			};
			name = Debug;
		};
		BE7DD89400F4CA1482037F80 /* Release configuration for PBXNativeTarget "BonhommeVision" */ = {
			isa = XCBuildConfiguration;
			buildSettings = {
				COPY_PHASE_STRIP = YES;
				CURRENT_PROJECT_VERSION = 1;
				DEBUG_INFORMATION_FORMAT = "dwarf-with-dsym";
				GENERATE_INFOPLIST_FILE = NO;
				INFOPLIST_FILE = BonhommeVision/Info.plist;
				MARKETING_VERSION = 1.0;
				PRODUCT_BUNDLE_IDENTIFIER = com.natural.BonhommeVision;
				PRODUCT_NAME = "$(TARGET_NAME)";
				SDKROOT = xros;
				SWIFT_OPTIMIZATION_LEVEL = "-O";
				SWIFT_VERSION = 5.0;
				XROS_DEPLOYMENT_TARGET = 1.0;
			};
			name = Release;
		};
		BFB974B8593CC82A88598969 /* Debug configuration for PBXNativeTarget "BonhommeUITests" */ = {
			isa = XCBuildConfiguration;
			buildSettings = {
				DEBUG_INFORMATION_FORMAT = dwarf;
				GENERATE_INFOPLIST_FILE = YES;
				IPHONEOS_DEPLOYMENT_TARGET = 17.0;
				PRODUCT_BUNDLE_IDENTIFIER = com.natural.BonhommeUITests;
				PRODUCT_NAME = "$(TARGET_NAME)";
				SDKROOT = iphoneos;
				SWIFT_ACTIVE_COMPILATION_CONDITIONS = DEBUG;
				SWIFT_OPTIMIZATION_LEVEL = "-Onone";
				SWIFT_VERSION = 5.0;
				TEST_TARGET_NAME = Bonhomme;
			};
			name = Debug;
		};
		C4E569DD76746EA9FBB423E8 /* Debug configuration for PBXNativeTarget "NATURaLWidgets" */ = {
			isa = XCBuildConfiguration;
			buildSettings = {
				CURRENT_PROJECT_VERSION = 1;
				DEBUG_INFORMATION_FORMAT = dwarf;
				DEVELOPMENT_TEAM = ZJLX84G8QV;
				GENERATE_INFOPLIST_FILE = NO;
				INFOPLIST_FILE = NATURaLWidgets/Info.plist;
				IPHONEOS_DEPLOYMENT_TARGET = 17.0;
				MARKETING_VERSION = 1.0;
				PRODUCT_BUNDLE_IDENTIFIER = com.natural.Bonhomme.Widgets;
				PRODUCT_NAME = "$(TARGET_NAME)";
				SDKROOT = iphoneos;
				SKIP_INSTALL = YES;
				SWIFT_ACTIVE_COMPILATION_CONDITIONS = DEBUG;
				SWIFT_OPTIMIZATION_LEVEL = "-Onone";
				SWIFT_VERSION = 5.0;
			};
			name = Debug;
		};
		CFBE2ADE698F9AFD9CFAA8AE /* Release configuration for PBXNativeTarget "NATURaLWidgets" */ = {
			isa = XCBuildConfiguration;
			buildSettings = {
				COPY_PHASE_STRIP = YES;
				CURRENT_PROJECT_VERSION = 1;
				DEBUG_INFORMATION_FORMAT = "dwarf-with-dsym";
				DEVELOPMENT_TEAM = ZJLX84G8QV;
				GENERATE_INFOPLIST_FILE = NO;
				INFOPLIST_FILE = NATURaLWidgets/Info.plist;
				IPHONEOS_DEPLOYMENT_TARGET = 17.0;
				MARKETING_VERSION = 1.0;
				PRODUCT_BUNDLE_IDENTIFIER = com.natural.Bonhomme.Widgets;
				PRODUCT_NAME = "$(TARGET_NAME)";
				SDKROOT = iphoneos;
				SKIP_INSTALL = YES;
				SWIFT_OPTIMIZATION_LEVEL = "-O";
				SWIFT_VERSION = 5.0;
			};
			name = Release;
		};
		D39233ED5CAC8277B9363841 /* Debug configuration for PBXNativeTarget "BonhommeWatch" */ = {
			isa = XCBuildConfiguration;
			buildSettings = {
				CODE_SIGN_ENTITLEMENTS = BonhommeWatch/BonhommeWatch.entitlements;
				CURRENT_PROJECT_VERSION = 1;
				DEBUG_INFORMATION_FORMAT = dwarf;
				GENERATE_INFOPLIST_FILE = NO;
				INFOPLIST_FILE = BonhommeWatch/Info.plist;
				MARKETING_VERSION = 1.0;
				PRODUCT_BUNDLE_IDENTIFIER = com.natural.BonhommeWatch;
				PRODUCT_NAME = "$(TARGET_NAME)";
				SDKROOT = watchos;
				SWIFT_ACTIVE_COMPILATION_CONDITIONS = DEBUG;
				SWIFT_OPTIMIZATION_LEVEL = "-Onone";
				SWIFT_VERSION = 5.0;
				WATCHOS_DEPLOYMENT_TARGET = 10.0;
			};
			name = Debug;
		};
/* End XCBuildConfiguration section */

/* Begin XCConfigurationList section */
		5D0D56919135D7D373BDABBF /* Build configuration list for PBXNativeTarget "BonhommeUITests" */ = {
			isa = XCConfigurationList;
			buildConfigurations = (
				BFB974B8593CC82A88598969 /* Debug configuration for PBXNativeTarget "BonhommeUITests" */,
				688706E039D5BE3B3F5108CD /* Release configuration for PBXNativeTarget "BonhommeUITests" */,
			);
			defaultConfigurationName = Release;
		};
		7045E2E8379D46BFFA767FDE /* Build configuration list for PBXNativeTarget "BonhommeWatch" */ = {
			isa = XCConfigurationList;
			buildConfigurations = (
				D39233ED5CAC8277B9363841 /* Debug configuration for PBXNativeTarget "BonhommeWatch" */,
				5C9C5FB500F94AF8DE406AB6 /* Release configuration for PBXNativeTarget "BonhommeWatch" */,
			);
			defaultConfigurationName = Release;
		};
		8309BC7E1A0B7274B64F0F4A /* Build configuration list for PBXNativeTarget "NATURaLLiveActivity" */ = {
			isa = XCConfigurationList;
			buildConfigurations = (
				35B6FA243765014E56155659 /* Debug configuration for PBXNativeTarget "NATURaLLiveActivity" */,
				0C8286DC9ED19D76E8D5BEE5 /* Release configuration for PBXNativeTarget "NATURaLLiveActivity" */,
			);
			defaultConfigurationName = Release;
		};
		BF1E96EAFD7A37E437EEC062 /* Build configuration list for PBXNativeTarget "Bonhomme" */ = {
			isa = XCConfigurationList;
			buildConfigurations = (
				B984FD7A965D163195480EFE /* Debug configuration for PBXNativeTarget "Bonhomme" */,
				B1DB3192867D06CBB7E0A96C /* Release configuration for PBXNativeTarget "Bonhomme" */,
			);
			defaultConfigurationName = Release;
		};
		DA6E99C7ADCB2DC6146295E6 /* Build configuration list for PBXNativeTarget "BonhommeVision" */ = {
			isa = XCConfigurationList;
			buildConfigurations = (
				6C1CE64DF3591527B554FAA4 /* Debug configuration for PBXNativeTarget "BonhommeVision" */,
				BE7DD89400F4CA1482037F80 /* Release configuration for PBXNativeTarget "BonhommeVision" */,
			);
			defaultConfigurationName = Release;
		};
		E0367D107ACD4D83ED767BFC /* Build configuration list for PBXProject "NATURaL" */ = {
			isa = XCConfigurationList;
			buildConfigurations = (
				11BDF4520E415C208EC90709 /* Debug configuration for PBXProject "NATURaL" */,
				72301898F1386BB67F77698A /* Release configuration for PBXProject "NATURaL" */,
			);
			defaultConfigurationName = Release;
		};
		E5801BF18DEB40620893C616 /* Build configuration list for PBXNativeTarget "BonhommeTests" */ = {
			isa = XCConfigurationList;
			buildConfigurations = (
				93EE92728DA711E32F2FFD32 /* Debug configuration for PBXNativeTarget "BonhommeTests" */,
				2813B0F498B8C15B3382D7AD /* Release configuration for PBXNativeTarget "BonhommeTests" */,
			);
			defaultConfigurationName = Release;
		};
		F98DE11A1125C91904B9DE5A /* Build configuration list for PBXNativeTarget "NATURaLWidgets" */ = {
			isa = XCConfigurationList;
			buildConfigurations = (
				C4E569DD76746EA9FBB423E8 /* Debug configuration for PBXNativeTarget "NATURaLWidgets" */,
				CFBE2ADE698F9AFD9CFAA8AE /* Release configuration for PBXNativeTarget "NATURaLWidgets" */,
			);
			defaultConfigurationName = Release;
		};
		FA4E675B01ABDC74FC10A91C /* Build configuration list for PBXNativeTarget "BonhommeTV" */ = {
			isa = XCConfigurationList;
			buildConfigurations = (
				A0E7E8EBCEEAE1E35815A476 /* Debug configuration for PBXNativeTarget "BonhommeTV" */,
				3BC3CCC0C9AF8127274C4759 /* Release configuration for PBXNativeTarget "BonhommeTV" */,
			);
			defaultConfigurationName = Release;
		};
/* End XCConfigurationList section */

/* Begin XCLocalSwiftPackageReference section */
		6B1B48011FD2DF61F369AFC4 /* XCLocalSwiftPackageReference "BonhommeCore" */ = {
			isa = XCLocalSwiftPackageReference;
			relativePath = BonhommeCore;
		};
/* End XCLocalSwiftPackageReference section */

/* Begin XCRemoteSwiftPackageReference section */
		5B2E4464C6E3412D83B3412A /* XCRemoteSwiftPackageReference "CareKit" */ = {
			isa = XCRemoteSwiftPackageReference;
			repositoryURL = "https://github.com/carekit-apple/CareKit.git";
			requirement = {
				kind = upToNextMajorVersion;
				minimumVersion = 4.1.0;
			};
		};
/* End XCRemoteSwiftPackageReference section */

/* Begin XCSwiftPackageProductDependency section */
		2116565DC2151DED0D9D89F7 /* BonhommeCore */ = {
			isa = XCSwiftPackageProductDependency;
			package = 6B1B48011FD2DF61F369AFC4 /* XCLocalSwiftPackageReference "BonhommeCore" */;
			productName = BonhommeCore;
		};
		34D983926E592456B194E519 /* CareKitStore */ = {
			isa = XCSwiftPackageProductDependency;
			package = 5B2E4464C6E3412D83B3412A /* XCRemoteSwiftPackageReference "CareKit" */;
			productName = CareKitStore;
		};
		622080EA269671D7D0921B47 /* BonhommeCore */ = {
			isa = XCSwiftPackageProductDependency;
			package = 6B1B48011FD2DF61F369AFC4 /* XCLocalSwiftPackageReference "BonhommeCore" */;
			productName = BonhommeCore;
		};
		9148A73EAA731B5C6F2FAD21 /* BonhommeCore */ = {
			isa = XCSwiftPackageProductDependency;
			package = 6B1B48011FD2DF61F369AFC4 /* XCLocalSwiftPackageReference "BonhommeCore" */;
			productName = BonhommeCore;
		};
		D2066727444F421784F230ED /* BonhommeCore */ = {
			isa = XCSwiftPackageProductDependency;
			package = 6B1B48011FD2DF61F369AFC4 /* XCLocalSwiftPackageReference "BonhommeCore" */;
			productName = BonhommeCore;
		};
/* End XCSwiftPackageProductDependency section */
	};
	rootObject = 7EA6D9377E56C32636195598 /* Project object */;
}
